
Microsoft Visual Studio Solution File, Format Version 12.00
# Visual Studio Version 16
VisualStudioVersion = 16.0.29324.140
MinimumVisualStudioVersion = 10.0.40219.1
Project("{FAE04EC0-301F-11D3-BF4B-00C04F79EFBC}") = "ASimpleApp", "ASimpleApp.csproj", "{2D41964D-EC2C-4F35-AB48-6519DDB5A94B}"
EndProject
Project("{FAE04EC0-301F-11D3-BF4B-00C04F79EFBC}") = "ChuongTrinhDauTien", "..\ChuongTrinhDauTien\ChuongTrinhDauTien.csproj", "{ED277FF3-DA45-4680-9AA2-C63820707A5E}"
EndProject
Global
	GlobalSection(SolutionConfigurationPlatforms) = preSolution
		Debug|Any CPU = Debug|Any CPU
		Release|Any CPU = Release|Any CPU
	EndGlobalSection
	GlobalSection(ProjectConfigurationPlatforms) = postSolution
		{2D41964D-EC2C-4F35-AB48-6519DDB5A94B}.Debug|Any CPU.ActiveCfg = Debug|Any CPU
		{2D41964D-EC2C-4F35-AB48-6519DDB5A94B}.Debug|Any CPU.Build.0 = Debug|Any CPU
		{2D41964D-EC2C-4F35-AB48-6519DDB5A94B}.Release|Any CPU.ActiveCfg = Release|Any CPU
		{2D41964D-EC2C-4F35-AB48-6519DDB5A94B}.Release|Any CPU.Build.0 = Release|Any CPU
		{ED277FF3-DA45-4680-9AA2-C63820707A5E}.Debug|Any CPU.ActiveCfg = Debug|Any CPU
		{ED277FF3-DA45-4680-9AA2-C63820707A5E}.Debug|Any CPU.Build.0 = Debug|Any CPU
		{ED277FF3-DA45-4680-9AA2-C63820707A5E}.Release|Any CPU.ActiveCfg = Release|Any CPU
		{ED277FF3-DA45-4680-9AA2-C63820707A5E}.Release|Any CPU.Build.0 = Release|Any CPU
	EndGlobalSection
	GlobalSection(SolutionProperties) = preSolution
		HideSolutionNode = FALSE
	EndGlobalSection
	GlobalSection(ExtensibilityGlobals) = postSolution
		SolutionGuid = {A30E6F15-7988-418E-AC74-7F3C94AB8973}
	EndGlobalSection
EndGlobal
